# This file was autogenerated by Stack.
# You should not edit this file by hand.
# For more information, please see the documentation at:
#   https://docs.haskellstack.org/en/stable/lock_files

packages:
- completed:
    hackage: org-mode-2.0.2@sha256:2094c2a173aae097bf6500cb8f6499f710308ac715c37cdb88587a9065960b58,1452
    pantry-tree:
      sha256: 3fcf949a55a88d3c0498822f9dd1921bcf6ab73e6c903fe7bb359cf7e0f4ffcc
      size: 428
  original:
    hackage: org-mode-2.0.2@sha256:2094c2a173aae097bf6500cb8f6499f710308ac715c37cdb88587a9065960b58,1452
snapshots:
- completed:
    sha256: 17870c63f8041ac17a38096124abeb953cb14d84bfc96deb88f9b24daa97b347
    size: 649332
    url: https://raw.githubusercontent.com/commercialhaskell/stackage-snapshots/master/lts/20/10.yaml
  original: lts-20.10
